
Microsoft Visual Studio Solution File, Format Version 12.00
# Visual Studio Version 17
VisualStudioVersion = 17.3.32929.385
MinimumVisualStudioVersion = 10.0.40219.1
Project("{8BC9CEB8-8B4A-11D0-8D11-00A0C91BC942}") = "数据结构初实现", "数据结构初实现.vcxproj", "{DAE49AD7-1EE0-485C-A247-79D39AD4AB70}"
EndProject
Global
	GlobalSection(SolutionConfigurationPlatforms) = preSolution
		Debug|x64 = Debug|x64
		Debug|x86 = Debug|x86
		Release|x64 = Release|x64
		Release|x86 = Release|x86
	EndGlobalSection
	GlobalSection(ProjectConfigurationPlatforms) = postSolution
		{DAE49AD7-1EE0-485C-A247-79D39AD4AB70}.Debug|x64.ActiveCfg = Debug|x64
		{DAE49AD7-1EE0-485C-A247-79D39AD4AB70}.Debug|x64.Build.0 = Debug|x64
		{DAE49AD7-1EE0-485C-A247-79D39AD4AB70}.Debug|x86.ActiveCfg = Debug|Win32
		{DAE49AD7-1EE0-485C-A247-79D39AD4AB70}.Debug|x86.Build.0 = Debug|Win32
		{DAE49AD7-1EE0-485C-A247-79D39AD4AB70}.Release|x64.ActiveCfg = Release|x64
		{DAE49AD7-1EE0-485C-A247-79D39AD4AB70}.Release|x64.Build.0 = Release|x64
		{DAE49AD7-1EE0-485C-A247-79D39AD4AB70}.Release|x86.ActiveCfg = Release|Win32
		{DAE49AD7-1EE0-485C-A247-79D39AD4AB70}.Release|x86.Build.0 = Release|Win32
	EndGlobalSection
	GlobalSection(SolutionProperties) = preSolution
		HideSolutionNode = FALSE
	EndGlobalSection
	GlobalSection(ExtensibilityGlobals) = postSolution
		SolutionGuid = {070746A9-F7B9-4485-8574-1BEFC15B7E67}
	EndGlobalSection
EndGlobal
